PODS:
  - NetworkInspector (1.0.0):
    - ReactiveSwift (= 7.1.1)
  - ReactiveSwift (7.1.1)

DEPENDENCIES:
  - NetworkInspector (from `.`)

SPEC REPOS:
  trunk:
    - ReactiveSwift

EXTERNAL SOURCES:
  NetworkInspector:
    :path: "."

SPEC CHECKSUMS:
  NetworkInspector: 14cefafdce9fa48b3bbcd16b162b94b98eb13e1d
  ReactiveSwift: 477d3f5bc2eb3cbbba1c1636505752b83bef93b1

PODFILE CHECKSUM: 0afdb1438c096f2c9ae9e1c2cedbf2c8af24c0af

COCOAPODS: 1.16.2
