PODS:
  - NetworkToolKit (1.0.4)

DEPENDENCIES:
  - NetworkToolKit (= 1.0.4)

SPEC REPOS:
  https://github.com/CocoaPods/Specs.git:
    - NetworkToolKit

SPEC CHECKSUMS:
  NetworkToolKit: b137fb2ea6d55b0b9f53fc7593e4566fdb5e399a

PODFILE CHECKSUM: 2680d4678a5b57587524a123542027976c712896

COCOAPODS: 1.16.2
